// !$*UTF8*$!
{
	archiveVersion = 1;
	classes = {
	};
	objectVersion = 46;
	objects = {

/* Begin PBXAggregateTarget section */
		7100C0591CD1141A00016649 /* Mogenerator */ = {
			isa = PBXAggregateTarget;
			buildConfigurationList = 7100C05C1CD1141A00016649 /* Build configuration list for PBXAggregateTarget "Mogenerator" */;
			buildPhases = (
				7100C05D1CD1142700016649 /* ShellScript */,
			);
			dependencies = (
			);
			name = Mogenerator;
			productName = Mogenerator;
		};
/* End PBXAggregateTarget section */

/* Begin PBXBuildFile section */
		7100C0851CD116C700016649 /* AppDelegate.swift in Sources */ = {isa = PBXBuildFile; fileRef = 7100C0601CD116C700016649 /* AppDelegate.swift */; };
		7100C0861CD116C700016649 /* Info.plist in Resources */ = {isa = PBXBuildFile; fileRef = 7100C0611CD116C700016649 /* Info.plist */; };
		7100C0871CD116C700016649 /* SteamKey in Resources */ = {isa = PBXBuildFile; fileRef = 7100C0621CD116C700016649 /* SteamKey */; };
		7100C0881CD116C700016649 /* Assets.xcassets in Resources */ = {isa = PBXBuildFile; fileRef = 7100C0631CD116C700016649 /* Assets.xcassets */; };
		7100C0891CD116C700016649 /* _App.swift in Sources */ = {isa = PBXBuildFile; fileRef = 7100C0651CD116C700016649 /* _App.swift */; };
		7100C08A1CD116C700016649 /* _AppDetails.swift in Sources */ = {isa = PBXBuildFile; fileRef = 7100C0661CD116C700016649 /* _AppDetails.swift */; };
		7100C08B1CD116C700016649 /* _NewsItem.swift in Sources */ = {isa = PBXBuildFile; fileRef = 7100C0671CD116C700016649 /* _NewsItem.swift */; };
		7100C08C1CD116C700016649 /* App.swift in Sources */ = {isa = PBXBuildFile; fileRef = 7100C0681CD116C700016649 /* App.swift */; };
		7100C08D1CD116C700016649 /* AppDetails.swift in Sources */ = {isa = PBXBuildFile; fileRef = 7100C0691CD116C700016649 /* AppDetails.swift */; };
		7100C08E1CD116C700016649 /* NewsItem.swift in Sources */ = {isa = PBXBuildFile; fileRef = 7100C06A1CD116C700016649 /* NewsItem.swift */; };
		7100C08F1CD116C700016649 /* Steam_Reader.xcdatamodeld in Sources */ = {isa = PBXBuildFile; fileRef = 7100C06B1CD116C700016649 /* Steam_Reader.xcdatamodeld */; };
		7100C0901CD116C700016649 /* LaunchScreen.storyboard in Resources */ = {isa = PBXBuildFile; fileRef = 7100C06E1CD116C700016649 /* LaunchScreen.storyboard */; };
		7100C0911CD116C700016649 /* Main.storyboard in Resources */ = {isa = PBXBuildFile; fileRef = 7100C0701CD116C700016649 /* Main.storyboard */; };
		7100C0921CD116C700016649 /* GamesTableView.xib in Resources */ = {isa = PBXBuildFile; fileRef = 7100C0721CD116C700016649 /* GamesTableView.xib */; };
		7100C0931CD116C700016649 /* GameTableView.xib in Resources */ = {isa = PBXBuildFile; fileRef = 7100C0731CD116C700016649 /* GameTableView.xib */; };
		7100C0941CD116C700016649 /* SearchView.xib in Resources */ = {isa = PBXBuildFile; fileRef = 7100C0741CD116C700016649 /* SearchView.xib */; };
		7100C0951CD116C700016649 /* NetworkTest.swift in Sources */ = {isa = PBXBuildFile; fileRef = 7100C0761CD116C700016649 /* NetworkTest.swift */; };
		7100C0961CD116C700016649 /* GamesTableView.swift in Sources */ = {isa = PBXBuildFile; fileRef = 7100C0781CD116C700016649 /* GamesTableView.swift */; };
		7100C0971CD116C700016649 /* GameTableView.swift in Sources */ = {isa = PBXBuildFile; fileRef = 7100C0791CD116C700016649 /* GameTableView.swift */; };
		7100C0981CD116C700016649 /* SearchView.swift in Sources */ = {isa = PBXBuildFile; fileRef = 7100C07A1CD116C700016649 /* SearchView.swift */; };
		7100C0991CD116C700016649 /* NewsItemViewController.swift in Sources */ = {isa = PBXBuildFile; fileRef = 7100C07C1CD116C700016649 /* NewsItemViewController.swift */; };
		7100C09A1CD116C700016649 /* SearchViewController.swift in Sources */ = {isa = PBXBuildFile; fileRef = 7100C07D1CD116C700016649 /* SearchViewController.swift */; };
		7100C09B1CD116C700016649 /* SubscriptionsViewController.swift in Sources */ = {isa = PBXBuildFile; fileRef = 7100C07E1CD116C700016649 /* SubscriptionsViewController.swift */; };
		7100C09C1CD116C700016649 /* Info.plist in Resources */ = {isa = PBXBuildFile; fileRef = 7100C0801CD116C700016649 /* Info.plist */; };
		7100C09E1CD116C700016649 /* Info.plist in Resources */ = {isa = PBXBuildFile; fileRef = 7100C0831CD116C700016649 /* Info.plist */; };
		7100C0A01CD1178400016649 /* Steam_ReaderTests.swift in Sources */ = {isa = PBXBuildFile; fileRef = 7100C0811CD116C700016649 /* Steam_ReaderTests.swift */; };
		7100C0A11CD1178900016649 /* Steam_ReaderUITests.swift in Sources */ = {isa = PBXBuildFile; fileRef = 7100C0841CD116C700016649 /* Steam_ReaderUITests.swift */; };
		F7A36B4062785A673F46ACE5 /* Pods_Steam_Reader.framework in Frameworks */ = {isa = PBXBuildFile; fileRef = DBDF0E893BA19A9FADC166DD /* Pods_Steam_Reader.framework */; };
/* End PBXBuildFile section */

/* Begin PBXContainerItemProxy section */
		710033611CCFE1F600683DD7 /* PBXContainerItemProxy */ = {
			isa = PBXContainerItemProxy;
			containerPortal = 7100333F1CCFE1F600683DD7 /* Project object */;
			proxyType = 1;
			remoteGlobalIDString = 710033461CCFE1F600683DD7;
			remoteInfo = "Steam Reader";
		};
		7100336C1CCFE1F600683DD7 /* PBXContainerItemProxy */ = {
			isa = PBXContainerItemProxy;
			containerPortal = 7100333F1CCFE1F600683DD7 /* Project object */;
			proxyType = 1;
			remoteGlobalIDString = 710033461CCFE1F600683DD7;
			remoteInfo = "Steam Reader";
		};
/* End PBXContainerItemProxy section */

/* Begin PBXFileReference section */
		6BDBFF39BC69EEAC863CE5B3 /* Pods-Steam Reader.debug.xcconfig */ = {isa = PBXFileReference; includeInIndex = 1; lastKnownFileType = text.xcconfig; name = "Pods-Steam Reader.debug.xcconfig"; path = "Pods/Target Support Files/Pods-Steam Reader/Pods-Steam Reader.debug.xcconfig"; sourceTree = "<group>"; };
		710033471CCFE1F600683DD7 /* SteamReader.app */ = {isa = PBXFileReference; explicitFileType = wrapper.application; includeInIndex = 0; path = SteamReader.app; sourceTree = BUILT_PRODUCTS_DIR; };
		710033601CCFE1F600683DD7 /* SteamReaderTests.xctest */ = {isa = PBXFileReference; explicitFileType = wrapper.cfbundle; includeInIndex = 0; path = SteamReaderTests.xctest; sourceTree = BUILT_PRODUCTS_DIR; };
		7100336B1CCFE1F600683DD7 /* SteamReaderUITests.xctest */ = {isa = PBXFileReference; explicitFileType = wrapper.cfbundle; includeInIndex = 0; path = SteamReaderUITests.xctest; sourceTree = BUILT_PRODUCTS_DIR; };
		7100C0601CD116C700016649 /* AppDelegate.swift */ = {isa = PBXFileReference; fileEncoding = 4; lastKnownFileType = sourcecode.swift; path = AppDelegate.swift; sourceTree = "<group>"; };
		7100C0611CD116C700016649 /* Info.plist */ = {isa = PBXFileReference; fileEncoding = 4; lastKnownFileType = text.plist.xml; path = Info.plist; sourceTree = "<group>"; };
		7100C0621CD116C700016649 /* SteamKey */ = {isa = PBXFileReference; fileEncoding = 4; lastKnownFileType = text; path = SteamKey; sourceTree = "<group>"; };
		7100C0631CD116C700016649 /* Assets.xcassets */ = {isa = PBXFileReference; lastKnownFileType = folder.assetcatalog; path = Assets.xcassets; sourceTree = "<group>"; };
		7100C0651CD116C700016649 /* _App.swift */ = {isa = PBXFileReference; fileEncoding = 4; lastKnownFileType = sourcecode.swift; path = _App.swift; sourceTree = "<group>"; };
		7100C0661CD116C700016649 /* _AppDetails.swift */ = {isa = PBXFileReference; fileEncoding = 4; lastKnownFileType = sourcecode.swift; path = _AppDetails.swift; sourceTree = "<group>"; };
		7100C0671CD116C700016649 /* _NewsItem.swift */ = {isa = PBXFileReference; fileEncoding = 4; lastKnownFileType = sourcecode.swift; path = _NewsItem.swift; sourceTree = "<group>"; };
		7100C0681CD116C700016649 /* App.swift */ = {isa = PBXFileReference; fileEncoding = 4; lastKnownFileType = sourcecode.swift; path = App.swift; sourceTree = "<group>"; };
		7100C0691CD116C700016649 /* AppDetails.swift */ = {isa = PBXFileReference; fileEncoding = 4; lastKnownFileType = sourcecode.swift; path = AppDetails.swift; sourceTree = "<group>"; };
		7100C06A1CD116C700016649 /* NewsItem.swift */ = {isa = PBXFileReference; fileEncoding = 4; lastKnownFileType = sourcecode.swift; path = NewsItem.swift; sourceTree = "<group>"; };
		7100C06C1CD116C700016649 /* Steam_Reader.xcdatamodel */ = {isa = PBXFileReference; lastKnownFileType = wrapper.xcdatamodel; path = Steam_Reader.xcdatamodel; sourceTree = "<group>"; };
		7100C06F1CD116C700016649 /* Base */ = {isa = PBXFileReference; lastKnownFileType = file.storyboard; name = Base; path = Base.lproj/LaunchScreen.storyboard; sourceTree = "<group>"; };
		7100C0711CD116C700016649 /* Base */ = {isa = PBXFileReference; lastKnownFileType = file.storyboard; name = Base; path = Base.lproj/Main.storyboard; sourceTree = "<group>"; };
		7100C0721CD116C700016649 /* GamesTableView.xib */ = {isa = PBXFileReference; fileEncoding = 4; lastKnownFileType = file.xib; path = GamesTableView.xib; sourceTree = "<group>"; };
		7100C0731CD116C700016649 /* GameTableView.xib */ = {isa = PBXFileReference; fileEncoding = 4; lastKnownFileType = file.xib; path = GameTableView.xib; sourceTree = "<group>"; };
		7100C0741CD116C700016649 /* SearchView.xib */ = {isa = PBXFileReference; fileEncoding = 4; lastKnownFileType = file.xib; path = SearchView.xib; sourceTree = "<group>"; };
		7100C0761CD116C700016649 /* NetworkTest.swift */ = {isa = PBXFileReference; fileEncoding = 4; lastKnownFileType = sourcecode.swift; path = NetworkTest.swift; sourceTree = "<group>"; };
		7100C0781CD116C700016649 /* GamesTableView.swift */ = {isa = PBXFileReference; fileEncoding = 4; lastKnownFileType = sourcecode.swift; path = GamesTableView.swift; sourceTree = "<group>"; };
		7100C0791CD116C700016649 /* GameTableView.swift */ = {isa = PBXFileReference; fileEncoding = 4; lastKnownFileType = sourcecode.swift; path = GameTableView.swift; sourceTree = "<group>"; };
		7100C07A1CD116C700016649 /* SearchView.swift */ = {isa = PBXFileReference; fileEncoding = 4; lastKnownFileType = sourcecode.swift; path = SearchView.swift; sourceTree = "<group>"; };
		7100C07C1CD116C700016649 /* NewsItemViewController.swift */ = {isa = PBXFileReference; fileEncoding = 4; lastKnownFileType = sourcecode.swift; path = NewsItemViewController.swift; sourceTree = "<group>"; };
		7100C07D1CD116C700016649 /* SearchViewController.swift */ = {isa = PBXFileReference; fileEncoding = 4; lastKnownFileType = sourcecode.swift; path = SearchViewController.swift; sourceTree = "<group>"; };
		7100C07E1CD116C700016649 /* SubscriptionsViewController.swift */ = {isa = PBXFileReference; fileEncoding = 4; lastKnownFileType = sourcecode.swift; path = SubscriptionsViewController.swift; sourceTree = "<group>"; };
		7100C0801CD116C700016649 /* Info.plist */ = {isa = PBXFileReference; fileEncoding = 4; lastKnownFileType = text.plist.xml; path = Info.plist; sourceTree = "<group>"; };
		7100C0811CD116C700016649 /* Steam_ReaderTests.swift */ = {isa = PBXFileReference; fileEncoding = 4; lastKnownFileType = sourcecode.swift; path = Steam_ReaderTests.swift; sourceTree = "<group>"; };
		7100C0831CD116C700016649 /* Info.plist */ = {isa = PBXFileReference; fileEncoding = 4; lastKnownFileType = text.plist.xml; path = Info.plist; sourceTree = "<group>"; };
		7100C0841CD116C700016649 /* Steam_ReaderUITests.swift */ = {isa = PBXFileReference; fileEncoding = 4; lastKnownFileType = sourcecode.swift; path = Steam_ReaderUITests.swift; sourceTree = "<group>"; };
		89881229F1B8DE9CA5C183CF /* Pods-Steam Reader.release.xcconfig */ = {isa = PBXFileReference; includeInIndex = 1; lastKnownFileType = text.xcconfig; name = "Pods-Steam Reader.release.xcconfig"; path = "Pods/Target Support Files/Pods-Steam Reader/Pods-Steam Reader.release.xcconfig"; sourceTree = "<group>"; };
		DBDF0E893BA19A9FADC166DD /* Pods_Steam_Reader.framework */ = {isa = PBXFileReference; explicitFileType = wrapper.framework; includeInIndex = 0; path = Pods_Steam_Reader.framework; sourceTree = BUILT_PRODUCTS_DIR; };
/* End PBXFileReference section */

/* Begin PBXFrameworksBuildPhase section */
		710033441CCFE1F600683DD7 /* Frameworks */ = {
			isa = PBXFrameworksBuildPhase;
			buildActionMask = 2147483647;
			files = (
				F7A36B4062785A673F46ACE5 /* Pods_Steam_Reader.framework in Frameworks */,
			);
			runOnlyForDeploymentPostprocessing = 0;
		};
		7100335D1CCFE1F600683DD7 /* Frameworks */ = {
			isa = PBXFrameworksBuildPhase;
			buildActionMask = 2147483647;
			files = (
			);
			runOnlyForDeploymentPostprocessing = 0;
		};
		710033681CCFE1F600683DD7 /* Frameworks */ = {
			isa = PBXFrameworksBuildPhase;
			buildActionMask = 2147483647;
			files = (
			);
			runOnlyForDeploymentPostprocessing = 0;
		};
/* End PBXFrameworksBuildPhase section */

/* Begin PBXGroup section */
		7100333E1CCFE1F600683DD7 = {
			isa = PBXGroup;
			children = (
				7100C05E1CD116C700016649 /* SteamReader */,
				7100C07F1CD116C700016649 /* SteamReaderTests */,
				7100C0821CD116C700016649 /* SteamReaderUITests */,
				710033481CCFE1F600683DD7 /* Products */,
				8EB5E5E71579F043D0132387 /* Pods */,
				F6C959628194AC41FFF548E3 /* Frameworks */,
			);
			sourceTree = "<group>";
		};
		710033481CCFE1F600683DD7 /* Products */ = {
			isa = PBXGroup;
			children = (
				710033471CCFE1F600683DD7 /* SteamReader.app */,
				710033601CCFE1F600683DD7 /* SteamReaderTests.xctest */,
				7100336B1CCFE1F600683DD7 /* SteamReaderUITests.xctest */,
			);
			name = Products;
			sourceTree = "<group>";
		};
		7100C05E1CD116C700016649 /* SteamReader */ = {
			isa = PBXGroup;
			children = (
				7100C05F1CD116C700016649 /* Application */,
				7100C0631CD116C700016649 /* Assets.xcassets */,
				7100C0641CD116C700016649 /* CoreData */,
				7100C06D1CD116C700016649 /* Interface */,
				7100C0751CD116C700016649 /* Network */,
				7100C0771CD116C700016649 /* View */,
				7100C07B1CD116C700016649 /* ViewController */,
			);
			path = SteamReader;
			sourceTree = "<group>";
		};
		7100C05F1CD116C700016649 /* Application */ = {
			isa = PBXGroup;
			children = (
				7100C0601CD116C700016649 /* AppDelegate.swift */,
				7100C0611CD116C700016649 /* Info.plist */,
				7100C0621CD116C700016649 /* SteamKey */,
			);
			path = Application;
			sourceTree = "<group>";
		};
		7100C0641CD116C700016649 /* CoreData */ = {
			isa = PBXGroup;
			children = (
				7100C0651CD116C700016649 /* _App.swift */,
				7100C0661CD116C700016649 /* _AppDetails.swift */,
				7100C0671CD116C700016649 /* _NewsItem.swift */,
				7100C0681CD116C700016649 /* App.swift */,
				7100C0691CD116C700016649 /* AppDetails.swift */,
				7100C06A1CD116C700016649 /* NewsItem.swift */,
				7100C06B1CD116C700016649 /* Steam_Reader.xcdatamodeld */,
			);
			path = CoreData;
			sourceTree = "<group>";
		};
		7100C06D1CD116C700016649 /* Interface */ = {
			isa = PBXGroup;
			children = (
				7100C06E1CD116C700016649 /* LaunchScreen.storyboard */,
				7100C0701CD116C700016649 /* Main.storyboard */,
				7100C0721CD116C700016649 /* GamesTableView.xib */,
				7100C0731CD116C700016649 /* GameTableView.xib */,
				7100C0741CD116C700016649 /* SearchView.xib */,
			);
			path = Interface;
			sourceTree = "<group>";
		};
		7100C0751CD116C700016649 /* Network */ = {
			isa = PBXGroup;
			children = (
				7100C0761CD116C700016649 /* NetworkTest.swift */,
			);
			path = Network;
			sourceTree = "<group>";
		};
		7100C0771CD116C700016649 /* View */ = {
			isa = PBXGroup;
			children = (
				7100C0781CD116C700016649 /* GamesTableView.swift */,
				7100C0791CD116C700016649 /* GameTableView.swift */,
				7100C07A1CD116C700016649 /* SearchView.swift */,
			);
			path = View;
			sourceTree = "<group>";
		};
		7100C07B1CD116C700016649 /* ViewController */ = {
			isa = PBXGroup;
			children = (
				7100C07C1CD116C700016649 /* NewsItemViewController.swift */,
				7100C07D1CD116C700016649 /* SearchViewController.swift */,
				7100C07E1CD116C700016649 /* SubscriptionsViewController.swift */,
			);
			path = ViewController;
			sourceTree = "<group>";
		};
		7100C07F1CD116C700016649 /* SteamReaderTests */ = {
			isa = PBXGroup;
			children = (
				7100C0801CD116C700016649 /* Info.plist */,
				7100C0811CD116C700016649 /* Steam_ReaderTests.swift */,
			);
			path = SteamReaderTests;
			sourceTree = "<group>";
		};
		7100C0821CD116C700016649 /* SteamReaderUITests */ = {
			isa = PBXGroup;
			children = (
				7100C0831CD116C700016649 /* Info.plist */,
				7100C0841CD116C700016649 /* Steam_ReaderUITests.swift */,
			);
			path = SteamReaderUITests;
			sourceTree = "<group>";
		};
		8EB5E5E71579F043D0132387 /* Pods */ = {
			isa = PBXGroup;
			children = (
				6BDBFF39BC69EEAC863CE5B3 /* Pods-Steam Reader.debug.xcconfig */,
				89881229F1B8DE9CA5C183CF /* Pods-Steam Reader.release.xcconfig */,
			);
			name = Pods;
			sourceTree = "<group>";
		};
		F6C959628194AC41FFF548E3 /* Frameworks */ = {
			isa = PBXGroup;
			children = (
				DBDF0E893BA19A9FADC166DD /* Pods_Steam_Reader.framework */,
			);
			name = Frameworks;
			sourceTree = "<group>";
		};
/* End PBXGroup section */

/* Begin PBXNativeTarget section */
		710033461CCFE1F600683DD7 /* SteamReader */ = {
			isa = PBXNativeTarget;
			buildConfigurationList = 710033741CCFE1F600683DD7 /* Build configuration list for PBXNativeTarget "SteamReader" */;
			buildPhases = (
				EF023C22A51FB751B4805D77 /* Check Pods Manifest.lock */,
				710033431CCFE1F600683DD7 /* Sources */,
				710033441CCFE1F600683DD7 /* Frameworks */,
				710033451CCFE1F600683DD7 /* Resources */,
				718FA476FD5C2D83734FC1A2 /* Embed Pods Frameworks */,
				2E1E4365AC8F6042CD5E999B /* Copy Pods Resources */,
			);
			buildRules = (
			);
			dependencies = (
			);
			name = SteamReader;
			productName = "Steam Reader";
			productReference = 710033471CCFE1F600683DD7 /* SteamReader.app */;
			productType = "com.apple.product-type.application";
		};
		7100335F1CCFE1F600683DD7 /* SteamReaderTests */ = {
			isa = PBXNativeTarget;
			buildConfigurationList = 710033771CCFE1F600683DD7 /* Build configuration list for PBXNativeTarget "SteamReaderTests" */;
			buildPhases = (
				7100335C1CCFE1F600683DD7 /* Sources */,
				7100335D1CCFE1F600683DD7 /* Frameworks */,
				7100335E1CCFE1F600683DD7 /* Resources */,
			);
			buildRules = (
			);
			dependencies = (
				710033621CCFE1F600683DD7 /* PBXTargetDependency */,
			);
			name = SteamReaderTests;
			productName = "Steam ReaderTests";
			productReference = 710033601CCFE1F600683DD7 /* SteamReaderTests.xctest */;
			productType = "com.apple.product-type.bundle.unit-test";
		};
		7100336A1CCFE1F600683DD7 /* SteamReaderUITests */ = {
			isa = PBXNativeTarget;
			buildConfigurationList = 7100337A1CCFE1F600683DD7 /* Build configuration list for PBXNativeTarget "SteamReaderUITests" */;
			buildPhases = (
				710033671CCFE1F600683DD7 /* Sources */,
				710033681CCFE1F600683DD7 /* Frameworks */,
				710033691CCFE1F600683DD7 /* Resources */,
			);
			buildRules = (
			);
			dependencies = (
				7100336D1CCFE1F600683DD7 /* PBXTargetDependency */,
			);
			name = SteamReaderUITests;
			productName = "Steam ReaderUITests";
			productReference = 7100336B1CCFE1F600683DD7 /* SteamReaderUITests.xctest */;
			productType = "com.apple.product-type.bundle.ui-testing";
		};
/* End PBXNativeTarget section */

/* Begin PBXProject section */
		7100333F1CCFE1F600683DD7 /* Project object */ = {
			isa = PBXProject;
			attributes = {
				LastSwiftUpdateCheck = 0730;
				LastUpgradeCheck = 0730;
				ORGANIZATIONNAME = "Kyle Roberts";
				TargetAttributes = {
					710033461CCFE1F600683DD7 = {
						CreatedOnToolsVersion = 7.3;
					};
					7100335F1CCFE1F600683DD7 = {
						CreatedOnToolsVersion = 7.3;
						TestTargetID = 710033461CCFE1F600683DD7;
					};
					7100336A1CCFE1F600683DD7 = {
						CreatedOnToolsVersion = 7.3;
						TestTargetID = 710033461CCFE1F600683DD7;
					};
					7100C0591CD1141A00016649 = {
						CreatedOnToolsVersion = 7.3;
					};
				};
			};
			buildConfigurationList = 710033421CCFE1F600683DD7 /* Build configuration list for PBXProject "SteamReader" */;
			compatibilityVersion = "Xcode 3.2";
			developmentRegion = English;
			hasScannedForEncodings = 0;
			knownRegions = (
				en,
				Base,
			);
			mainGroup = 7100333E1CCFE1F600683DD7;
			productRefGroup = 710033481CCFE1F600683DD7 /* Products */;
			projectDirPath = "";
			projectRoot = "";
			targets = (
				710033461CCFE1F600683DD7 /* SteamReader */,
				7100335F1CCFE1F600683DD7 /* SteamReaderTests */,
				7100336A1CCFE1F600683DD7 /* SteamReaderUITests */,
				7100C0591CD1141A00016649 /* Mogenerator */,
			);
		};
/* End PBXProject section */

/* Begin PBXResourcesBuildPhase section */
		710033451CCFE1F600683DD7 /* Resources */ = {
			isa = PBXResourcesBuildPhase;
			buildActionMask = 2147483647;
			files = (
				7100C0941CD116C700016649 /* SearchView.xib in Resources */,
				7100C0861CD116C700016649 /* Info.plist in Resources */,
				7100C09C1CD116C700016649 /* Info.plist in Resources */,
				7100C0911CD116C700016649 /* Main.storyboard in Resources */,
				7100C0901CD116C700016649 /* LaunchScreen.storyboard in Resources */,
				7100C0921CD116C700016649 /* GamesTableView.xib in Resources */,
				7100C0881CD116C700016649 /* Assets.xcassets in Resources */,
				7100C0871CD116C700016649 /* SteamKey in Resources */,
				7100C09E1CD116C700016649 /* Info.plist in Resources */,
				7100C0931CD116C700016649 /* GameTableView.xib in Resources */,
			);
			runOnlyForDeploymentPostprocessing = 0;
		};
		7100335E1CCFE1F600683DD7 /* Resources */ = {
			isa = PBXResourcesBuildPhase;
			buildActionMask = 2147483647;
			files = (
			);
			runOnlyForDeploymentPostprocessing = 0;
		};
		710033691CCFE1F600683DD7 /* Resources */ = {
			isa = PBXResourcesBuildPhase;
			buildActionMask = 2147483647;
			files = (
			);
			runOnlyForDeploymentPostprocessing = 0;
		};
/* End PBXResourcesBuildPhase section */

/* Begin PBXShellScriptBuildPhase section */
		2E1E4365AC8F6042CD5E999B /* Copy Pods Resources */ = {
			isa = PBXShellScriptBuildPhase;
			buildActionMask = 2147483647;
			files = (
			);
			inputPaths = (
			);
			name = "Copy Pods Resources";
			outputPaths = (
			);
			runOnlyForDeploymentPostprocessing = 0;
			shellPath = /bin/sh;
			shellScript = "\"${SRCROOT}/Pods/Target Support Files/Pods-Steam Reader/Pods-Steam Reader-resources.sh\"\n";
			showEnvVarsInLog = 0;
		};
		7100C05D1CD1142700016649 /* ShellScript */ = {
			isa = PBXShellScriptBuildPhase;
			buildActionMask = 2147483647;
			files = (
			);
			inputPaths = (
			);
			outputPaths = (
			);
			runOnlyForDeploymentPostprocessing = 0;
			shellPath = /bin/sh;
			shellScript = "mogenerator -m \"SteamReader/CoreData/Steam_Reader.xcdatamodeld\" -O SteamReader/CoreData --swift --template-var arc=true";
		};
		718FA476FD5C2D83734FC1A2 /* Embed Pods Frameworks */ = {
			isa = PBXShellScriptBuildPhase;
			buildActionMask = 2147483647;
			files = (
			);
			inputPaths = (
			);
			name = "Embed Pods Frameworks";
			outputPaths = (
			);
			runOnlyForDeploymentPostprocessing = 0;
			shellPath = /bin/sh;
			shellScript = "\"${SRCROOT}/Pods/Target Support Files/Pods-Steam Reader/Pods-Steam Reader-frameworks.sh\"\n";
			showEnvVarsInLog = 0;
		};
		EF023C22A51FB751B4805D77 /* Check Pods Manifest.lock */ = {
			isa = PBXShellScriptBuildPhase;
			buildActionMask = 2147483647;
			files = (
			);
			inputPaths = (
			);
			name = "Check Pods Manifest.lock";
			outputPaths = (
			);
			runOnlyForDeploymentPostprocessing = 0;
			shellPath = /bin/sh;
			shellScript = "diff \"${PODS_ROOT}/../Podfile.lock\" \"${PODS_ROOT}/Manifest.lock\" > /dev/null\nif [[ $? != 0 ]] ; then\n    cat << EOM\nerror: The sandbox is not in sync with the Podfile.lock. Run 'pod install' or update your CocoaPods installation.\nEOM\n    exit 1\nfi\n";
			showEnvVarsInLog = 0;
		};
/* End PBXShellScriptBuildPhase section */

/* Begin PBXSourcesBuildPhase section */
		710033431CCFE1F600683DD7 /* Sources */ = {
			isa = PBXSourcesBuildPhase;
			buildActionMask = 2147483647;
			files = (
				7100C0851CD116C700016649 /* AppDelegate.swift in Sources */,
				7100C08E1CD116C700016649 /* NewsItem.swift in Sources */,
				7100C08B1CD116C700016649 /* _NewsItem.swift in Sources */,
				7100C08D1CD116C700016649 /* AppDetails.swift in Sources */,
				7100C0991CD116C700016649 /* NewsItemViewController.swift in Sources */,
				7100C0981CD116C700016649 /* SearchView.swift in Sources */,
				7100C0951CD116C700016649 /* NetworkTest.swift in Sources */,
				7100C0891CD116C700016649 /* _App.swift in Sources */,
				7100C09A1CD116C700016649 /* SearchViewController.swift in Sources */,
				7100C08F1CD116C700016649 /* Steam_Reader.xcdatamodeld in Sources */,
				7100C08C1CD116C700016649 /* App.swift in Sources */,
				7100C09B1CD116C700016649 /* SubscriptionsViewController.swift in Sources */,
				7100C0971CD116C700016649 /* GameTableView.swift in Sources */,
				7100C08A1CD116C700016649 /* _AppDetails.swift in Sources */,
				7100C0961CD116C700016649 /* GamesTableView.swift in Sources */,
			);
			runOnlyForDeploymentPostprocessing = 0;
		};
		7100335C1CCFE1F600683DD7 /* Sources */ = {
			isa = PBXSourcesBuildPhase;
			buildActionMask = 2147483647;
			files = (
				7100C0A01CD1178400016649 /* Steam_ReaderTests.swift in Sources */,
			);
			runOnlyForDeploymentPostprocessing = 0;
		};
		710033671CCFE1F600683DD7 /* Sources */ = {
			isa = PBXSourcesBuildPhase;
			buildActionMask = 2147483647;
			files = (
				7100C0A11CD1178900016649 /* Steam_ReaderUITests.swift in Sources */,
			);
			runOnlyForDeploymentPostprocessing = 0;
		};
/* End PBXSourcesBuildPhase section */

/* Begin PBXTargetDependency section */
		710033621CCFE1F600683DD7 /* PBXTargetDependency */ = {
			isa = PBXTargetDependency;
			target = 710033461CCFE1F600683DD7 /* SteamReader */;
			targetProxy = 710033611CCFE1F600683DD7 /* PBXContainerItemProxy */;
		};
		7100336D1CCFE1F600683DD7 /* PBXTargetDependency */ = {
			isa = PBXTargetDependency;
			target = 710033461CCFE1F600683DD7 /* SteamReader */;
			targetProxy = 7100336C1CCFE1F600683DD7 /* PBXContainerItemProxy */;
		};
/* End PBXTargetDependency section */

/* Begin PBXVariantGroup section */
		7100C06E1CD116C700016649 /* LaunchScreen.storyboard */ = {
			isa = PBXVariantGroup;
			children = (
				7100C06F1CD116C700016649 /* Base */,
			);
			name = LaunchScreen.storyboard;
			sourceTree = "<group>";
		};
		7100C0701CD116C700016649 /* Main.storyboard */ = {
			isa = PBXVariantGroup;
			children = (
				7100C0711CD116C700016649 /* Base */,
			);
			name = Main.storyboard;
			sourceTree = "<group>";
		};
/* End PBXVariantGroup section */

/* Begin XCBuildConfiguration section */
		710033721CCFE1F600683DD7 /* Debug */ = {
			isa = XCBuildConfiguration;
			buildSettings = {
				ALWAYS_SEARCH_USER_PATHS = NO;
				CLANG_ANALYZER_NONNULL = YES;
				CLANG_CXX_LANGUAGE_STANDARD = "gnu++0x";
				CLANG_CXX_LIBRARY = "libc++";
				CLANG_ENABLE_MODULES = YES;
				CLANG_ENABLE_OBJC_ARC = YES;
				CLANG_WARN_BOOL_CONVERSION = YES;
				CLANG_WARN_CONSTANT_CONVERSION = YES;
				CLANG_WARN_DIRECT_OBJC_ISA_USAGE = YES_ERROR;
				CLANG_WARN_EMPTY_BODY = YES;
				CLANG_WARN_ENUM_CONVERSION = YES;
				CLANG_WARN_INT_CONVERSION = YES;
				CLANG_WARN_OBJC_ROOT_CLASS = YES_ERROR;
				CLANG_WARN_UNREACHABLE_CODE = YES;
				CLANG_WARN__DUPLICATE_METHOD_MATCH = YES;
				"CODE_SIGN_IDENTITY[sdk=iphoneos*]" = "iPhone Developer";
				COPY_PHASE_STRIP = NO;
				DEBUG_INFORMATION_FORMAT = dwarf;
				ENABLE_STRICT_OBJC_MSGSEND = YES;
				ENABLE_TESTABILITY = YES;
				GCC_C_LANGUAGE_STANDARD = gnu99;
				GCC_DYNAMIC_NO_PIC = NO;
				GCC_NO_COMMON_BLOCKS = YES;
				GCC_OPTIMIZATION_LEVEL = 0;
				GCC_PREPROCESSOR_DEFINITIONS = (
					"DEBUG=1",
					"$(inherited)",
				);
				GCC_WARN_64_TO_32_BIT_CONVERSION = YES;
				GCC_WARN_ABOUT_RETURN_TYPE = YES_ERROR;
				GCC_WARN_UNDECLARED_SELECTOR = YES;
				GCC_WARN_UNINITIALIZED_AUTOS = YES_AGGRESSIVE;
				GCC_WARN_UNUSED_FUNCTION = YES;
				GCC_WARN_UNUSED_VARIABLE = YES;
				IPHONEOS_DEPLOYMENT_TARGET = 9.3;
				MTL_ENABLE_DEBUG_INFO = YES;
				ONLY_ACTIVE_ARCH = YES;
				SDKROOT = iphoneos;
				SWIFT_OPTIMIZATION_LEVEL = "-Onone";
			};
			name = Debug;
		};
		710033731CCFE1F600683DD7 /* Release */ = {
			isa = XCBuildConfiguration;
			buildSettings = {
				ALWAYS_SEARCH_USER_PATHS = NO;
				CLANG_ANALYZER_NONNULL = YES;
				CLANG_CXX_LANGUAGE_STANDARD = "gnu++0x";
				CLANG_CXX_LIBRARY = "libc++";
				CLANG_ENABLE_MODULES = YES;
				CLANG_ENABLE_OBJC_ARC = YES;
				CLANG_WARN_BOOL_CONVERSION = YES;
				CLANG_WARN_CONSTANT_CONVERSION = YES;
				CLANG_WARN_DIRECT_OBJC_ISA_USAGE = YES_ERROR;
				CLANG_WARN_EMPTY_BODY = YES;
				CLANG_WARN_ENUM_CONVERSION = YES;
				CLANG_WARN_INT_CONVERSION = YES;
				CLANG_WARN_OBJC_ROOT_CLASS = YES_ERROR;
				CLANG_WARN_UNREACHABLE_CODE = YES;
				CLANG_WARN__DUPLICATE_METHOD_MATCH = YES;
				"CODE_SIGN_IDENTITY[sdk=iphoneos*]" = "iPhone Developer";
				COPY_PHASE_STRIP = NO;
				DEBUG_INFORMATION_FORMAT = "dwarf-with-dsym";
				ENABLE_NS_ASSERTIONS = NO;
				ENABLE_STRICT_OBJC_MSGSEND = YES;
				GCC_C_LANGUAGE_STANDARD = gnu99;
				GCC_NO_COMMON_BLOCKS = YES;
				GCC_WARN_64_TO_32_BIT_CONVERSION = YES;
				GCC_WARN_ABOUT_RETURN_TYPE = YES_ERROR;
				GCC_WARN_UNDECLARED_SELECTOR = YES;
				GCC_WARN_UNINITIALIZED_AUTOS = YES_AGGRESSIVE;
				GCC_WARN_UNUSED_FUNCTION = YES;
				GCC_WARN_UNUSED_VARIABLE = YES;
				IPHONEOS_DEPLOYMENT_TARGET = 9.3;
				MTL_ENABLE_DEBUG_INFO = NO;
				SDKROOT = iphoneos;
				VALIDATE_PRODUCT = YES;
			};
			name = Release;
		};
		710033751CCFE1F600683DD7 /* Debug */ = {
			isa = XCBuildConfiguration;
			baseConfigurationReference = 6BDBFF39BC69EEAC863CE5B3 /* Pods-Steam Reader.debug.xcconfig */;
			buildSettings = {
				ASSETCATALOG_COMPILER_APPICON_NAME = AppIcon;
				INFOPLIST_FILE = SteamReader/Application/Info.plist;
				LD_RUNPATH_SEARCH_PATHS = "$(inherited) @executable_path/Frameworks";
				PRODUCT_BUNDLE_IDENTIFIER = "com.floundertech.test.Steam-Reader";
				PRODUCT_NAME = "$(TARGET_NAME)";
			};
			name = Debug;
		};
		710033761CCFE1F600683DD7 /* Release */ = {
			isa = XCBuildConfiguration;
			baseConfigurationReference = 89881229F1B8DE9CA5C183CF /* Pods-Steam Reader.release.xcconfig */;
			buildSettings = {
				ASSETCATALOG_COMPILER_APPICON_NAME = AppIcon;
				INFOPLIST_FILE = SteamReader/Application/Info.plist;
				LD_RUNPATH_SEARCH_PATHS = "$(inherited) @executable_path/Frameworks";
				PRODUCT_BUNDLE_IDENTIFIER = "com.floundertech.test.Steam-Reader";
				PRODUCT_NAME = "$(TARGET_NAME)";
			};
			name = Release;
		};
		710033781CCFE1F600683DD7 /* Debug */ = {
			isa = XCBuildConfiguration;
			buildSettings = {
				BUNDLE_LOADER = "$(TEST_HOST)";
				INFOPLIST_FILE = SteamReaderTests/Info.plist;
				LD_RUNPATH_SEARCH_PATHS = "$(inherited) @executable_path/Frameworks @loader_path/Frameworks";
				PRODUCT_BUNDLE_IDENTIFIER = "com.floundertech.test.Steam-ReaderTests";
				PRODUCT_NAME = "$(TARGET_NAME)";
				TEST_HOST = "$(BUILT_PRODUCTS_DIR)/Steam Reader.app/Steam Reader";
			};
			name = Debug;
		};
		710033791CCFE1F600683DD7 /* Release */ = {
			isa = XCBuildConfiguration;
			buildSettings = {
				BUNDLE_LOADER = "$(TEST_HOST)";
				INFOPLIST_FILE = SteamReaderTests/Info.plist;
				LD_RUNPATH_SEARCH_PATHS = "$(inherited) @executable_path/Frameworks @loader_path/Frameworks";
				PRODUCT_BUNDLE_IDENTIFIER = "com.floundertech.test.Steam-ReaderTests";
				PRODUCT_NAME = "$(TARGET_NAME)";
				TEST_HOST = "$(BUILT_PRODUCTS_DIR)/Steam Reader.app/Steam Reader";
			};
			name = Release;
		};
		7100337B1CCFE1F600683DD7 /* Debug */ = {
			isa = XCBuildConfiguration;
			buildSettings = {
				INFOPLIST_FILE = SteamReaderUITests/Info.plist;
				LD_RUNPATH_SEARCH_PATHS = "$(inherited) @executable_path/Frameworks @loader_path/Frameworks";
				PRODUCT_BUNDLE_IDENTIFIER = "com.floundertech.test.Steam-ReaderUITests";
				PRODUCT_NAME = "$(TARGET_NAME)";
				TEST_TARGET_NAME = "Steam Reader";
			};
			name = Debug;
		};
		7100337C1CCFE1F600683DD7 /* Release */ = {
			isa = XCBuildConfiguration;
			buildSettings = {
				INFOPLIST_FILE = SteamReaderUITests/Info.plist;
				LD_RUNPATH_SEARCH_PATHS = "$(inherited) @executable_path/Frameworks @loader_path/Frameworks";
				PRODUCT_BUNDLE_IDENTIFIER = "com.floundertech.test.Steam-ReaderUITests";
				PRODUCT_NAME = "$(TARGET_NAME)";
				TEST_TARGET_NAME = "Steam Reader";
			};
			name = Release;
		};
		7100C05A1CD1141A00016649 /* Debug */ = {
			isa = XCBuildConfiguration;
			buildSettings = {
				PRODUCT_NAME = "$(TARGET_NAME)";
			};
			name = Debug;
		};
		7100C05B1CD1141A00016649 /* Release */ = {
			isa = XCBuildConfiguration;
			buildSettings = {
				PRODUCT_NAME = "$(TARGET_NAME)";
			};
			name = Release;
		};
/* End XCBuildConfiguration section */

/* Begin XCConfigurationList section */
		710033421CCFE1F600683DD7 /* Build configuration list for PBXProject "SteamReader" */ = {
			isa = XCConfigurationList;
			buildConfigurations = (
				710033721CCFE1F600683DD7 /* Debug */,
				710033731CCFE1F600683DD7 /* Release */,
			);
			defaultConfigurationIsVisible = 0;
			defaultConfigurationName = Release;
		};
		710033741CCFE1F600683DD7 /* Build configuration list for PBXNativeTarget "SteamReader" */ = {
			isa = XCConfigurationList;
			buildConfigurations = (
				710033751CCFE1F600683DD7 /* Debug */,
				710033761CCFE1F600683DD7 /* Release */,
			);
			defaultConfigurationIsVisible = 0;
			defaultConfigurationName = Release;
		};
		710033771CCFE1F600683DD7 /* Build configuration list for PBXNativeTarget "SteamReaderTests" */ = {
			isa = XCConfigurationList;
			buildConfigurations = (
				710033781CCFE1F600683DD7 /* Debug */,
				710033791CCFE1F600683DD7 /* Release */,
			);
			defaultConfigurationIsVisible = 0;
			defaultConfigurationName = Release;
		};
		7100337A1CCFE1F600683DD7 /* Build configuration list for PBXNativeTarget "SteamReaderUITests" */ = {
			isa = XCConfigurationList;
			buildConfigurations = (
				7100337B1CCFE1F600683DD7 /* Debug */,
				7100337C1CCFE1F600683DD7 /* Release */,
			);
			defaultConfigurationIsVisible = 0;
			defaultConfigurationName = Release;
		};
		7100C05C1CD1141A00016649 /* Build configuration list for PBXAggregateTarget "Mogenerator" */ = {
			isa = XCConfigurationList;
			buildConfigurations = (
				7100C05A1CD1141A00016649 /* Debug */,
				7100C05B1CD1141A00016649 /* Release */,
			);
			defaultConfigurationIsVisible = 0;
			defaultConfigurationName = Release;
		};
/* End XCConfigurationList section */

/* Begin XCVersionGroup section */
		7100C06B1CD116C700016649 /* Steam_Reader.xcdatamodeld */ = {
			isa = XCVersionGroup;
			children = (
				7100C06C1CD116C700016649 /* Steam_Reader.xcdatamodel */,
			);
			currentVersion = 7100C06C1CD116C700016649 /* Steam_Reader.xcdatamodel */;
			path = Steam_Reader.xcdatamodeld;
			sourceTree = "<group>";
			versionGroupType = wrapper.xcdatamodel;
		};
/* End XCVersionGroup section */
	};
	rootObject = 7100333F1CCFE1F600683DD7 /* Project object */;
}
