// !$*UTF8*$!
{
	archiveVersion = 1;
	classes = {
	};
	objectVersion = 46;
	objects = {

/* Begin PBXBuildFile section */
		710033651CCFE1F600683DD7 /* Steam_ReaderTests.swift in Sources */ = {isa = PBXBuildFile; fileRef = 710033641CCFE1F600683DD7 /* Steam_ReaderTests.swift */; };
		710033701CCFE1F600683DD7 /* Steam_ReaderUITests.swift in Sources */ = {isa = PBXBuildFile; fileRef = 7100336F1CCFE1F600683DD7 /* Steam_ReaderUITests.swift */; };
		7100338E1CCFE32B00683DD7 /* AppDelegate.swift in Sources */ = {isa = PBXBuildFile; fileRef = 710033801CCFE32B00683DD7 /* AppDelegate.swift */; };
		7100338F1CCFE32B00683DD7 /* Info.plist in Resources */ = {isa = PBXBuildFile; fileRef = 710033811CCFE32B00683DD7 /* Info.plist */; };
		710033901CCFE32B00683DD7 /* Assets.xcassets in Resources */ = {isa = PBXBuildFile; fileRef = 710033821CCFE32B00683DD7 /* Assets.xcassets */; };
		710033911CCFE32B00683DD7 /* Steam_Reader.xcdatamodeld in Sources */ = {isa = PBXBuildFile; fileRef = 710033841CCFE32B00683DD7 /* Steam_Reader.xcdatamodeld */; };
		710033921CCFE32B00683DD7 /* LaunchScreen.storyboard in Resources */ = {isa = PBXBuildFile; fileRef = 710033871CCFE32B00683DD7 /* LaunchScreen.storyboard */; };
		710033931CCFE32B00683DD7 /* Main.storyboard in Resources */ = {isa = PBXBuildFile; fileRef = 710033891CCFE32B00683DD7 /* Main.storyboard */; };
		710033941CCFE32B00683DD7 /* DetailViewController.swift in Sources */ = {isa = PBXBuildFile; fileRef = 7100338C1CCFE32B00683DD7 /* DetailViewController.swift */; };
		710033951CCFE32B00683DD7 /* MasterViewController.swift in Sources */ = {isa = PBXBuildFile; fileRef = 7100338D1CCFE32B00683DD7 /* MasterViewController.swift */; };
/* End PBXBuildFile section */

/* Begin PBXContainerItemProxy section */
		710033611CCFE1F600683DD7 /* PBXContainerItemProxy */ = {
			isa = PBXContainerItemProxy;
			containerPortal = 7100333F1CCFE1F600683DD7 /* Project object */;
			proxyType = 1;
			remoteGlobalIDString = 710033461CCFE1F600683DD7;
			remoteInfo = "Steam Reader";
		};
		7100336C1CCFE1F600683DD7 /* PBXContainerItemProxy */ = {
			isa = PBXContainerItemProxy;
			containerPortal = 7100333F1CCFE1F600683DD7 /* Project object */;
			proxyType = 1;
			remoteGlobalIDString = 710033461CCFE1F600683DD7;
			remoteInfo = "Steam Reader";
		};
/* End PBXContainerItemProxy section */

/* Begin PBXFileReference section */
		710033471CCFE1F600683DD7 /* Steam Reader.app */ = {isa = PBXFileReference; explicitFileType = wrapper.application; includeInIndex = 0; path = "Steam Reader.app"; sourceTree = BUILT_PRODUCTS_DIR; };
		710033601CCFE1F600683DD7 /* Steam ReaderTests.xctest */ = {isa = PBXFileReference; explicitFileType = wrapper.cfbundle; includeInIndex = 0; path = "Steam ReaderTests.xctest"; sourceTree = BUILT_PRODUCTS_DIR; };
		710033641CCFE1F600683DD7 /* Steam_ReaderTests.swift */ = {isa = PBXFileReference; lastKnownFileType = sourcecode.swift; path = Steam_ReaderTests.swift; sourceTree = "<group>"; };
		710033661CCFE1F600683DD7 /* Info.plist */ = {isa = PBXFileReference; lastKnownFileType = text.plist.xml; path = Info.plist; sourceTree = "<group>"; };
		7100336B1CCFE1F600683DD7 /* Steam ReaderUITests.xctest */ = {isa = PBXFileReference; explicitFileType = wrapper.cfbundle; includeInIndex = 0; path = "Steam ReaderUITests.xctest"; sourceTree = BUILT_PRODUCTS_DIR; };
		7100336F1CCFE1F600683DD7 /* Steam_ReaderUITests.swift */ = {isa = PBXFileReference; lastKnownFileType = sourcecode.swift; path = Steam_ReaderUITests.swift; sourceTree = "<group>"; };
		710033711CCFE1F600683DD7 /* Info.plist */ = {isa = PBXFileReference; lastKnownFileType = text.plist.xml; path = Info.plist; sourceTree = "<group>"; };
		710033801CCFE32B00683DD7 /* AppDelegate.swift */ = {isa = PBXFileReference; fileEncoding = 4; lastKnownFileType = sourcecode.swift; path = AppDelegate.swift; sourceTree = "<group>"; };
		710033811CCFE32B00683DD7 /* Info.plist */ = {isa = PBXFileReference; fileEncoding = 4; lastKnownFileType = text.plist.xml; path = Info.plist; sourceTree = "<group>"; };
		710033821CCFE32B00683DD7 /* Assets.xcassets */ = {isa = PBXFileReference; lastKnownFileType = folder.assetcatalog; path = Assets.xcassets; sourceTree = "<group>"; };
		710033851CCFE32B00683DD7 /* Steam_Reader.xcdatamodel */ = {isa = PBXFileReference; lastKnownFileType = wrapper.xcdatamodel; path = Steam_Reader.xcdatamodel; sourceTree = "<group>"; };
		710033881CCFE32B00683DD7 /* Base */ = {isa = PBXFileReference; lastKnownFileType = file.storyboard; name = Base; path = Base.lproj/LaunchScreen.storyboard; sourceTree = "<group>"; };
		7100338A1CCFE32B00683DD7 /* Base */ = {isa = PBXFileReference; lastKnownFileType = file.storyboard; name = Base; path = Base.lproj/Main.storyboard; sourceTree = "<group>"; };
		7100338C1CCFE32B00683DD7 /* DetailViewController.swift */ = {isa = PBXFileReference; fileEncoding = 4; lastKnownFileType = sourcecode.swift; path = DetailViewController.swift; sourceTree = "<group>"; };
		7100338D1CCFE32B00683DD7 /* MasterViewController.swift */ = {isa = PBXFileReference; fileEncoding = 4; lastKnownFileType = sourcecode.swift; path = MasterViewController.swift; sourceTree = "<group>"; };
/* End PBXFileReference section */

/* Begin PBXFrameworksBuildPhase section */
		710033441CCFE1F600683DD7 /* Frameworks */ = {
			isa = PBXFrameworksBuildPhase;
			buildActionMask = 2147483647;
			files = (
			);
			runOnlyForDeploymentPostprocessing = 0;
		};
		7100335D1CCFE1F600683DD7 /* Frameworks */ = {
			isa = PBXFrameworksBuildPhase;
			buildActionMask = 2147483647;
			files = (
			);
			runOnlyForDeploymentPostprocessing = 0;
		};
		710033681CCFE1F600683DD7 /* Frameworks */ = {
			isa = PBXFrameworksBuildPhase;
			buildActionMask = 2147483647;
			files = (
			);
			runOnlyForDeploymentPostprocessing = 0;
		};
/* End PBXFrameworksBuildPhase section */

/* Begin PBXGroup section */
		7100333E1CCFE1F600683DD7 = {
			isa = PBXGroup;
			children = (
				710033491CCFE1F600683DD7 /* Steam Reader */,
				710033631CCFE1F600683DD7 /* Steam ReaderTests */,
				7100336E1CCFE1F600683DD7 /* Steam ReaderUITests */,
				710033481CCFE1F600683DD7 /* Products */,
			);
			sourceTree = "<group>";
		};
		710033481CCFE1F600683DD7 /* Products */ = {
			isa = PBXGroup;
			children = (
				710033471CCFE1F600683DD7 /* Steam Reader.app */,
				710033601CCFE1F600683DD7 /* Steam ReaderTests.xctest */,
				7100336B1CCFE1F600683DD7 /* Steam ReaderUITests.xctest */,
			);
			name = Products;
			sourceTree = "<group>";
		};
		710033491CCFE1F600683DD7 /* Steam Reader */ = {
			isa = PBXGroup;
			children = (
				7100337F1CCFE32B00683DD7 /* Application */,
				710033821CCFE32B00683DD7 /* Assets.xcassets */,
				7100338B1CCFE32B00683DD7 /* ViewController */,
				710033861CCFE32B00683DD7 /* Interface */,
				710033831CCFE32B00683DD7 /* CoreData */,
			);
			path = "Steam Reader";
			sourceTree = "<group>";
		};
		710033631CCFE1F600683DD7 /* Steam ReaderTests */ = {
			isa = PBXGroup;
			children = (
				710033641CCFE1F600683DD7 /* Steam_ReaderTests.swift */,
				710033661CCFE1F600683DD7 /* Info.plist */,
			);
			path = "Steam ReaderTests";
			sourceTree = "<group>";
		};
		7100336E1CCFE1F600683DD7 /* Steam ReaderUITests */ = {
			isa = PBXGroup;
			children = (
				7100336F1CCFE1F600683DD7 /* Steam_ReaderUITests.swift */,
				710033711CCFE1F600683DD7 /* Info.plist */,
			);
			path = "Steam ReaderUITests";
			sourceTree = "<group>";
		};
		7100337F1CCFE32B00683DD7 /* Application */ = {
			isa = PBXGroup;
			children = (
				710033801CCFE32B00683DD7 /* AppDelegate.swift */,
				710033811CCFE32B00683DD7 /* Info.plist */,
			);
			path = Application;
			sourceTree = "<group>";
		};
		710033831CCFE32B00683DD7 /* CoreData */ = {
			isa = PBXGroup;
			children = (
				710033841CCFE32B00683DD7 /* Steam_Reader.xcdatamodeld */,
			);
			path = CoreData;
			sourceTree = "<group>";
		};
		710033861CCFE32B00683DD7 /* Interface */ = {
			isa = PBXGroup;
			children = (
				710033891CCFE32B00683DD7 /* Main.storyboard */,
				710033871CCFE32B00683DD7 /* LaunchScreen.storyboard */,
			);
			path = Interface;
			sourceTree = "<group>";
		};
		7100338B1CCFE32B00683DD7 /* ViewController */ = {
			isa = PBXGroup;
			children = (
				7100338D1CCFE32B00683DD7 /* MasterViewController.swift */,
				7100338C1CCFE32B00683DD7 /* DetailViewController.swift */,
			);
			path = ViewController;
			sourceTree = "<group>";
		};
/* End PBXGroup section */

/* Begin PBXNativeTarget section */
		710033461CCFE1F600683DD7 /* Steam Reader */ = {
			isa = PBXNativeTarget;
			buildConfigurationList = 710033741CCFE1F600683DD7 /* Build configuration list for PBXNativeTarget "Steam Reader" */;
			buildPhases = (
				710033431CCFE1F600683DD7 /* Sources */,
				710033441CCFE1F600683DD7 /* Frameworks */,
				710033451CCFE1F600683DD7 /* Resources */,
			);
			buildRules = (
			);
			dependencies = (
			);
			name = "Steam Reader";
			productName = "Steam Reader";
			productReference = 710033471CCFE1F600683DD7 /* Steam Reader.app */;
			productType = "com.apple.product-type.application";
		};
		7100335F1CCFE1F600683DD7 /* Steam ReaderTests */ = {
			isa = PBXNativeTarget;
			buildConfigurationList = 710033771CCFE1F600683DD7 /* Build configuration list for PBXNativeTarget "Steam ReaderTests" */;
			buildPhases = (
				7100335C1CCFE1F600683DD7 /* Sources */,
				7100335D1CCFE1F600683DD7 /* Frameworks */,
				7100335E1CCFE1F600683DD7 /* Resources */,
			);
			buildRules = (
			);
			dependencies = (
				710033621CCFE1F600683DD7 /* PBXTargetDependency */,
			);
			name = "Steam ReaderTests";
			productName = "Steam ReaderTests";
			productReference = 710033601CCFE1F600683DD7 /* Steam ReaderTests.xctest */;
			productType = "com.apple.product-type.bundle.unit-test";
		};
		7100336A1CCFE1F600683DD7 /* Steam ReaderUITests */ = {
			isa = PBXNativeTarget;
			buildConfigurationList = 7100337A1CCFE1F600683DD7 /* Build configuration list for PBXNativeTarget "Steam ReaderUITests" */;
			buildPhases = (
				710033671CCFE1F600683DD7 /* Sources */,
				710033681CCFE1F600683DD7 /* Frameworks */,
				710033691CCFE1F600683DD7 /* Resources */,
			);
			buildRules = (
			);
			dependencies = (
				7100336D1CCFE1F600683DD7 /* PBXTargetDependency */,
			);
			name = "Steam ReaderUITests";
			productName = "Steam ReaderUITests";
			productReference = 7100336B1CCFE1F600683DD7 /* Steam ReaderUITests.xctest */;
			productType = "com.apple.product-type.bundle.ui-testing";
		};
/* End PBXNativeTarget section */

/* Begin PBXProject section */
		7100333F1CCFE1F600683DD7 /* Project object */ = {
			isa = PBXProject;
			attributes = {
				LastSwiftUpdateCheck = 0730;
				LastUpgradeCheck = 0730;
				ORGANIZATIONNAME = "Kyle Roberts";
				TargetAttributes = {
					710033461CCFE1F600683DD7 = {
						CreatedOnToolsVersion = 7.3;
					};
					7100335F1CCFE1F600683DD7 = {
						CreatedOnToolsVersion = 7.3;
						TestTargetID = 710033461CCFE1F600683DD7;
					};
					7100336A1CCFE1F600683DD7 = {
						CreatedOnToolsVersion = 7.3;
						TestTargetID = 710033461CCFE1F600683DD7;
					};
				};
			};
			buildConfigurationList = 710033421CCFE1F600683DD7 /* Build configuration list for PBXProject "Steam Reader" */;
			compatibilityVersion = "Xcode 3.2";
			developmentRegion = English;
			hasScannedForEncodings = 0;
			knownRegions = (
				en,
				Base,
			);
			mainGroup = 7100333E1CCFE1F600683DD7;
			productRefGroup = 710033481CCFE1F600683DD7 /* Products */;
			projectDirPath = "";
			projectRoot = "";
			targets = (
				710033461CCFE1F600683DD7 /* Steam Reader */,
				7100335F1CCFE1F600683DD7 /* Steam ReaderTests */,
				7100336A1CCFE1F600683DD7 /* Steam ReaderUITests */,
			);
		};
/* End PBXProject section */

/* Begin PBXResourcesBuildPhase section */
		710033451CCFE1F600683DD7 /* Resources */ = {
			isa = PBXResourcesBuildPhase;
			buildActionMask = 2147483647;
			files = (
				710033931CCFE32B00683DD7 /* Main.storyboard in Resources */,
				7100338F1CCFE32B00683DD7 /* Info.plist in Resources */,
				710033921CCFE32B00683DD7 /* LaunchScreen.storyboard in Resources */,
				710033901CCFE32B00683DD7 /* Assets.xcassets in Resources */,
			);
			runOnlyForDeploymentPostprocessing = 0;
		};
		7100335E1CCFE1F600683DD7 /* Resources */ = {
			isa = PBXResourcesBuildPhase;
			buildActionMask = 2147483647;
			files = (
			);
			runOnlyForDeploymentPostprocessing = 0;
		};
		710033691CCFE1F600683DD7 /* Resources */ = {
			isa = PBXResourcesBuildPhase;
			buildActionMask = 2147483647;
			files = (
			);
			runOnlyForDeploymentPostprocessing = 0;
		};
/* End PBXResourcesBuildPhase section */

/* Begin PBXSourcesBuildPhase section */
		710033431CCFE1F600683DD7 /* Sources */ = {
			isa = PBXSourcesBuildPhase;
			buildActionMask = 2147483647;
			files = (
				710033951CCFE32B00683DD7 /* MasterViewController.swift in Sources */,
				710033911CCFE32B00683DD7 /* Steam_Reader.xcdatamodeld in Sources */,
				7100338E1CCFE32B00683DD7 /* AppDelegate.swift in Sources */,
				710033941CCFE32B00683DD7 /* DetailViewController.swift in Sources */,
			);
			runOnlyForDeploymentPostprocessing = 0;
		};
		7100335C1CCFE1F600683DD7 /* Sources */ = {
			isa = PBXSourcesBuildPhase;
			buildActionMask = 2147483647;
			files = (
				710033651CCFE1F600683DD7 /* Steam_ReaderTests.swift in Sources */,
			);
			runOnlyForDeploymentPostprocessing = 0;
		};
		710033671CCFE1F600683DD7 /* Sources */ = {
			isa = PBXSourcesBuildPhase;
			buildActionMask = 2147483647;
			files = (
				710033701CCFE1F600683DD7 /* Steam_ReaderUITests.swift in Sources */,
			);
			runOnlyForDeploymentPostprocessing = 0;
		};
/* End PBXSourcesBuildPhase section */

/* Begin PBXTargetDependency section */
		710033621CCFE1F600683DD7 /* PBXTargetDependency */ = {
			isa = PBXTargetDependency;
			target = 710033461CCFE1F600683DD7 /* Steam Reader */;
			targetProxy = 710033611CCFE1F600683DD7 /* PBXContainerItemProxy */;
		};
		7100336D1CCFE1F600683DD7 /* PBXTargetDependency */ = {
			isa = PBXTargetDependency;
			target = 710033461CCFE1F600683DD7 /* Steam Reader */;
			targetProxy = 7100336C1CCFE1F600683DD7 /* PBXContainerItemProxy */;
		};
/* End PBXTargetDependency section */

/* Begin PBXVariantGroup section */
		710033871CCFE32B00683DD7 /* LaunchScreen.storyboard */ = {
			isa = PBXVariantGroup;
			children = (
				710033881CCFE32B00683DD7 /* Base */,
			);
			name = LaunchScreen.storyboard;
			sourceTree = "<group>";
		};
		710033891CCFE32B00683DD7 /* Main.storyboard */ = {
			isa = PBXVariantGroup;
			children = (
				7100338A1CCFE32B00683DD7 /* Base */,
			);
			name = Main.storyboard;
			sourceTree = "<group>";
		};
/* End PBXVariantGroup section */

/* Begin XCBuildConfiguration section */
		710033721CCFE1F600683DD7 /* Debug */ = {
			isa = XCBuildConfiguration;
			buildSettings = {
				ALWAYS_SEARCH_USER_PATHS = NO;
				CLANG_ANALYZER_NONNULL = YES;
				CLANG_CXX_LANGUAGE_STANDARD = "gnu++0x";
				CLANG_CXX_LIBRARY = "libc++";
				CLANG_ENABLE_MODULES = YES;
				CLANG_ENABLE_OBJC_ARC = YES;
				CLANG_WARN_BOOL_CONVERSION = YES;
				CLANG_WARN_CONSTANT_CONVERSION = YES;
				CLANG_WARN_DIRECT_OBJC_ISA_USAGE = YES_ERROR;
				CLANG_WARN_EMPTY_BODY = YES;
				CLANG_WARN_ENUM_CONVERSION = YES;
				CLANG_WARN_INT_CONVERSION = YES;
				CLANG_WARN_OBJC_ROOT_CLASS = YES_ERROR;
				CLANG_WARN_UNREACHABLE_CODE = YES;
				CLANG_WARN__DUPLICATE_METHOD_MATCH = YES;
				"CODE_SIGN_IDENTITY[sdk=iphoneos*]" = "iPhone Developer";
				COPY_PHASE_STRIP = NO;
				DEBUG_INFORMATION_FORMAT = dwarf;
				ENABLE_STRICT_OBJC_MSGSEND = YES;
				ENABLE_TESTABILITY = YES;
				GCC_C_LANGUAGE_STANDARD = gnu99;
				GCC_DYNAMIC_NO_PIC = NO;
				GCC_NO_COMMON_BLOCKS = YES;
				GCC_OPTIMIZATION_LEVEL = 0;
				GCC_PREPROCESSOR_DEFINITIONS = (
					"DEBUG=1",
					"$(inherited)",
				);
				GCC_WARN_64_TO_32_BIT_CONVERSION = YES;
				GCC_WARN_ABOUT_RETURN_TYPE = YES_ERROR;
				GCC_WARN_UNDECLARED_SELECTOR = YES;
				GCC_WARN_UNINITIALIZED_AUTOS = YES_AGGRESSIVE;
				GCC_WARN_UNUSED_FUNCTION = YES;
				GCC_WARN_UNUSED_VARIABLE = YES;
				IPHONEOS_DEPLOYMENT_TARGET = 9.3;
				MTL_ENABLE_DEBUG_INFO = YES;
				ONLY_ACTIVE_ARCH = YES;
				SDKROOT = iphoneos;
				SWIFT_OPTIMIZATION_LEVEL = "-Onone";
			};
			name = Debug;
		};
		710033731CCFE1F600683DD7 /* Release */ = {
			isa = XCBuildConfiguration;
			buildSettings = {
				ALWAYS_SEARCH_USER_PATHS = NO;
				CLANG_ANALYZER_NONNULL = YES;
				CLANG_CXX_LANGUAGE_STANDARD = "gnu++0x";
				CLANG_CXX_LIBRARY = "libc++";
				CLANG_ENABLE_MODULES = YES;
				CLANG_ENABLE_OBJC_ARC = YES;
				CLANG_WARN_BOOL_CONVERSION = YES;
				CLANG_WARN_CONSTANT_CONVERSION = YES;
				CLANG_WARN_DIRECT_OBJC_ISA_USAGE = YES_ERROR;
				CLANG_WARN_EMPTY_BODY = YES;
				CLANG_WARN_ENUM_CONVERSION = YES;
				CLANG_WARN_INT_CONVERSION = YES;
				CLANG_WARN_OBJC_ROOT_CLASS = YES_ERROR;
				CLANG_WARN_UNREACHABLE_CODE = YES;
				CLANG_WARN__DUPLICATE_METHOD_MATCH = YES;
				"CODE_SIGN_IDENTITY[sdk=iphoneos*]" = "iPhone Developer";
				COPY_PHASE_STRIP = NO;
				DEBUG_INFORMATION_FORMAT = "dwarf-with-dsym";
				ENABLE_NS_ASSERTIONS = NO;
				ENABLE_STRICT_OBJC_MSGSEND = YES;
				GCC_C_LANGUAGE_STANDARD = gnu99;
				GCC_NO_COMMON_BLOCKS = YES;
				GCC_WARN_64_TO_32_BIT_CONVERSION = YES;
				GCC_WARN_ABOUT_RETURN_TYPE = YES_ERROR;
				GCC_WARN_UNDECLARED_SELECTOR = YES;
				GCC_WARN_UNINITIALIZED_AUTOS = YES_AGGRESSIVE;
				GCC_WARN_UNUSED_FUNCTION = YES;
				GCC_WARN_UNUSED_VARIABLE = YES;
				IPHONEOS_DEPLOYMENT_TARGET = 9.3;
				MTL_ENABLE_DEBUG_INFO = NO;
				SDKROOT = iphoneos;
				VALIDATE_PRODUCT = YES;
			};
			name = Release;
		};
		710033751CCFE1F600683DD7 /* Debug */ = {
			isa = XCBuildConfiguration;
			buildSettings = {
				ASSETCATALOG_COMPILER_APPICON_NAME = AppIcon;
				INFOPLIST_FILE = "Steam Reader/Info.plist";
				LD_RUNPATH_SEARCH_PATHS = "$(inherited) @executable_path/Frameworks";
				PRODUCT_BUNDLE_IDENTIFIER = "com.floundertech.test.Steam-Reader";
				PRODUCT_NAME = "$(TARGET_NAME)";
			};
			name = Debug;
		};
		710033761CCFE1F600683DD7 /* Release */ = {
			isa = XCBuildConfiguration;
			buildSettings = {
				ASSETCATALOG_COMPILER_APPICON_NAME = AppIcon;
				INFOPLIST_FILE = "Steam Reader/Info.plist";
				LD_RUNPATH_SEARCH_PATHS = "$(inherited) @executable_path/Frameworks";
				PRODUCT_BUNDLE_IDENTIFIER = "com.floundertech.test.Steam-Reader";
				PRODUCT_NAME = "$(TARGET_NAME)";
			};
			name = Release;
		};
		710033781CCFE1F600683DD7 /* Debug */ = {
			isa = XCBuildConfiguration;
			buildSettings = {
				BUNDLE_LOADER = "$(TEST_HOST)";
				INFOPLIST_FILE = "Steam ReaderTests/Info.plist";
				LD_RUNPATH_SEARCH_PATHS = "$(inherited) @executable_path/Frameworks @loader_path/Frameworks";
				PRODUCT_BUNDLE_IDENTIFIER = "com.floundertech.test.Steam-ReaderTests";
				PRODUCT_NAME = "$(TARGET_NAME)";
				TEST_HOST = "$(BUILT_PRODUCTS_DIR)/Steam Reader.app/Steam Reader";
			};
			name = Debug;
		};
		710033791CCFE1F600683DD7 /* Release */ = {
			isa = XCBuildConfiguration;
			buildSettings = {
				BUNDLE_LOADER = "$(TEST_HOST)";
				INFOPLIST_FILE = "Steam ReaderTests/Info.plist";
				LD_RUNPATH_SEARCH_PATHS = "$(inherited) @executable_path/Frameworks @loader_path/Frameworks";
				PRODUCT_BUNDLE_IDENTIFIER = "com.floundertech.test.Steam-ReaderTests";
				PRODUCT_NAME = "$(TARGET_NAME)";
				TEST_HOST = "$(BUILT_PRODUCTS_DIR)/Steam Reader.app/Steam Reader";
			};
			name = Release;
		};
		7100337B1CCFE1F600683DD7 /* Debug */ = {
			isa = XCBuildConfiguration;
			buildSettings = {
				INFOPLIST_FILE = "Steam ReaderUITests/Info.plist";
				LD_RUNPATH_SEARCH_PATHS = "$(inherited) @executable_path/Frameworks @loader_path/Frameworks";
				PRODUCT_BUNDLE_IDENTIFIER = "com.floundertech.test.Steam-ReaderUITests";
				PRODUCT_NAME = "$(TARGET_NAME)";
				TEST_TARGET_NAME = "Steam Reader";
			};
			name = Debug;
		};
		7100337C1CCFE1F600683DD7 /* Release */ = {
			isa = XCBuildConfiguration;
			buildSettings = {
				INFOPLIST_FILE = "Steam ReaderUITests/Info.plist";
				LD_RUNPATH_SEARCH_PATHS = "$(inherited) @executable_path/Frameworks @loader_path/Frameworks";
				PRODUCT_BUNDLE_IDENTIFIER = "com.floundertech.test.Steam-ReaderUITests";
				PRODUCT_NAME = "$(TARGET_NAME)";
				TEST_TARGET_NAME = "Steam Reader";
			};
			name = Release;
		};
/* End XCBuildConfiguration section */

/* Begin XCConfigurationList section */
		710033421CCFE1F600683DD7 /* Build configuration list for PBXProject "Steam Reader" */ = {
			isa = XCConfigurationList;
			buildConfigurations = (
				710033721CCFE1F600683DD7 /* Debug */,
				710033731CCFE1F600683DD7 /* Release */,
			);
			defaultConfigurationIsVisible = 0;
			defaultConfigurationName = Release;
		};
		710033741CCFE1F600683DD7 /* Build configuration list for PBXNativeTarget "Steam Reader" */ = {
			isa = XCConfigurationList;
			buildConfigurations = (
				710033751CCFE1F600683DD7 /* Debug */,
				710033761CCFE1F600683DD7 /* Release */,
			);
			defaultConfigurationIsVisible = 0;
			defaultConfigurationName = Release;
		};
		710033771CCFE1F600683DD7 /* Build configuration list for PBXNativeTarget "Steam ReaderTests" */ = {
			isa = XCConfigurationList;
			buildConfigurations = (
				710033781CCFE1F600683DD7 /* Debug */,
				710033791CCFE1F600683DD7 /* Release */,
			);
			defaultConfigurationIsVisible = 0;
			defaultConfigurationName = Release;
		};
		7100337A1CCFE1F600683DD7 /* Build configuration list for PBXNativeTarget "Steam ReaderUITests" */ = {
			isa = XCConfigurationList;
			buildConfigurations = (
				7100337B1CCFE1F600683DD7 /* Debug */,
				7100337C1CCFE1F600683DD7 /* Release */,
			);
			defaultConfigurationIsVisible = 0;
			defaultConfigurationName = Release;
		};
/* End XCConfigurationList section */

/* Begin XCVersionGroup section */
		710033841CCFE32B00683DD7 /* Steam_Reader.xcdatamodeld */ = {
			isa = XCVersionGroup;
			children = (
				710033851CCFE32B00683DD7 /* Steam_Reader.xcdatamodel */,
			);
			currentVersion = 710033851CCFE32B00683DD7 /* Steam_Reader.xcdatamodel */;
			path = Steam_Reader.xcdatamodeld;
			sourceTree = "<group>";
			versionGroupType = wrapper.xcdatamodel;
		};
/* End XCVersionGroup section */
	};
	rootObject = 7100333F1CCFE1F600683DD7 /* Project object */;
}
